
Microsoft Visual Studio Solution File, Format Version 12.00
# Visual Studio Version 17
VisualStudioVersion = 17.11.35312.102
MinimumVisualStudioVersion = 10.0.40219.1
Project("{FAE04EC0-301F-11D3-BF4B-00C04F79EFBC}") = "CalculatorApp", "CalculatorApp\CalculatorApp.csproj", "{D43E2D0B-5A97-48B7-831E-D8722F605C4C}"
EndProject
Project("{FAE04EC0-301F-11D3-BF4B-00C04F79EFBC}") = "CalculatorAppTest", "CalculatorAppTest\CalculatorAppTest.csproj", "{828DAA99-8188-4B35-86AE-2160E8D98843}"
EndProject
Global
	GlobalSection(SolutionConfigurationPlatforms) = preSolution
		Debug|Any CPU = Debug|Any CPU
		Release|Any CPU = Release|Any CPU
	EndGlobalSection
	GlobalSection(ProjectConfigurationPlatforms) = postSolution
		{D43E2D0B-5A97-48B7-831E-D8722F605C4C}.Debug|Any CPU.ActiveCfg = Debug|Any CPU
		{D43E2D0B-5A97-48B7-831E-D8722F605C4C}.Debug|Any CPU.Build.0 = Debug|Any CPU
		{D43E2D0B-5A97-48B7-831E-D8722F605C4C}.Release|Any CPU.ActiveCfg = Release|Any CPU
		{D43E2D0B-5A97-48B7-831E-D8722F605C4C}.Release|Any CPU.Build.0 = Release|Any CPU
		{828DAA99-8188-4B35-86AE-2160E8D98843}.Debug|Any CPU.ActiveCfg = Debug|Any CPU
		{828DAA99-8188-4B35-86AE-2160E8D98843}.Debug|Any CPU.Build.0 = Debug|Any CPU
		{828DAA99-8188-4B35-86AE-2160E8D98843}.Release|Any CPU.ActiveCfg = Release|Any CPU
		{828DAA99-8188-4B35-86AE-2160E8D98843}.Release|Any CPU.Build.0 = Release|Any CPU
	EndGlobalSection
	GlobalSection(SolutionProperties) = preSolution
		HideSolutionNode = FALSE
	EndGlobalSection
	GlobalSection(ExtensibilityGlobals) = postSolution
		SolutionGuid = {631F5F01-6E1A-41CD-9B61-3EE7A7E09ECD}
	EndGlobalSection
EndGlobal
